{
    "_readme": [
        "This file locks the dependencies of your project to a known state",
        "Read more about it at https://getcomposer.org/doc/01-basic-usage.md#installing-dependencies",
        "This file is @generated automatically"
    ],
    "content-hash": "ba56aef503aa20b2267a2eaa8a0c13b9",
    "packages": [
        {
            "name": "melipayamak/php",
            "version": "1.0.0",
            "source": {
                "type": "git",
                "url": "https://github.com/Melipayamak/melipayamak-php.git",
                "reference": "b8f7db07eef1fa57f8a23d379949e3f04cb923b8"
            },
            "dist": {
                "type": "zip",
                "url": "https://api.github.com/repos/Melipayamak/melipayamak-php/zipball/b8f7db07eef1fa57f8a23d379949e3f04cb923b8",
                "reference": "b8f7db07eef1fa57f8a23d379949e3f04cb923b8",
                "shasum": ""
            },
            "require": {
                "php": ">=5.4.0"
            },
            "type": "library",
            "autoload": {
                "psr-4": {
                    "Melipayamak\\": "src/"
                }
            },
            "notification-url": "https://packagist.org/downloads/",
            "license": [
                "MIT"
            ],
            "authors": [
                {
                    "name": "Melipayamak Team",
                    "email": "melipayamak.ir@gmail.com"
                },
                {
                    "name": "Ara Code It",
                    "email": "ahnara92@gmail.com"
                },
                {
                    "name": "Amirhossein Mehrvarzi",
                    "email": "info@trigger.ir"
                }
            ],
            "description": "A PHP wrapper for melipayamak's web services",
            "homepage": "http://github.com/Melipayamak/melipayamak-php",
            "keywords": [
                "api",
                "melipayamak",
                "sms"
            ],
            "support": {
                "issues": "https://github.com/Melipayamak/melipayamak-php/issues",
                "source": "https://github.com/Melipayamak/melipayamak-php/tree/1.0.0"
            },
            "time": "2019-12-23T13:19:36+00:00"
        }
    ],
    "packages-dev": [],
    "aliases": [],
    "minimum-stability": "stable",
    "stability-flags": [],
    "prefer-stable": false,
    "prefer-lowest": false,
    "platform": {
        "php": ">=5.4.0"
    },
    "platform-dev": [],
    "plugin-api-version": "2.1.0"
}
